
Microsoft Visual Studio Solution File, Format Version 12.00
# Visual Studio Version 16
VisualStudioVersion = 16.0.30523.141
MinimumVisualStudioVersion = 10.0.40219.1
Project("{FAE04EC0-301F-11D3-BF4B-00C04F79EFBC}") = "SDGDark", "src/SDGDark/SDGDark.csproj", "{A0121A2A-4952-45BA-AD24-747D59D7F885}"
EndProject
Global
	GlobalSection(SolutionConfigurationPlatforms) = preSolution
		Debug|Any CPU = Debug|Any CPU
		Release|Any CPU = Release|Any CPU
	EndGlobalSection
	GlobalSection(ProjectConfigurationPlatforms) = postSolution
		{A0121A2A-4952-45BA-AD24-747D59D7F885}.Debug|Any CPU.ActiveCfg = Debug|Any CPU
		{A0121A2A-4952-45BA-AD24-747D59D7F885}.Debug|Any CPU.Build.0 = Debug|Any CPU
		{A0121A2A-4952-45BA-AD24-747D59D7F885}.Release|Any CPU.ActiveCfg = Release|Any CPU
		{A0121A2A-4952-45BA-AD24-747D59D7F885}.Release|Any CPU.Build.0 = Release|Any CPU
	EndGlobalSection
	GlobalSection(SolutionProperties) = preSolution
		HideSolutionNode = FALSE
	EndGlobalSection
	GlobalSection(ExtensibilityGlobals) = postSolution
		SolutionGuid = {AF2BAF61-88CF-4BD4-A438-FB607193A4A0}
	EndGlobalSection
EndGlobal
